
Microsoft Visual Studio Solution File, Format Version 12.00
# Visual Studio Version 17
VisualStudioVersion = 17.0.31912.275
MinimumVisualStudioVersion = 10.0.40219.1
Project("{FAE04EC0-301F-11D3-BF4B-00C04F79EFBC}") = "Oop2", "Oop2\Oop2.csproj", "{67D30E4B-8B20-4F3B-9C85-A1A77527EA32}"
EndProject
Project("{FAE04EC0-301F-11D3-BF4B-00C04F79EFBC}") = "Oop3", "Oop3\Oop3.csproj", "{1CC23D53-162D-4F76-83CD-9C045460FB1A}"
EndProject
Global
	GlobalSection(SolutionConfigurationPlatforms) = preSolution
		Debug|Any CPU = Debug|Any CPU
		Release|Any CPU = Release|Any CPU
	EndGlobalSection
	GlobalSection(ProjectConfigurationPlatforms) = postSolution
		{67D30E4B-8B20-4F3B-9C85-A1A77527EA32}.Debug|Any CPU.ActiveCfg = Debug|Any CPU
		{67D30E4B-8B20-4F3B-9C85-A1A77527EA32}.Debug|Any CPU.Build.0 = Debug|Any CPU
		{67D30E4B-8B20-4F3B-9C85-A1A77527EA32}.Release|Any CPU.ActiveCfg = Release|Any CPU
		{67D30E4B-8B20-4F3B-9C85-A1A77527EA32}.Release|Any CPU.Build.0 = Release|Any CPU
		{1CC23D53-162D-4F76-83CD-9C045460FB1A}.Debug|Any CPU.ActiveCfg = Debug|Any CPU
		{1CC23D53-162D-4F76-83CD-9C045460FB1A}.Debug|Any CPU.Build.0 = Debug|Any CPU
		{1CC23D53-162D-4F76-83CD-9C045460FB1A}.Release|Any CPU.ActiveCfg = Release|Any CPU
		{1CC23D53-162D-4F76-83CD-9C045460FB1A}.Release|Any CPU.Build.0 = Release|Any CPU
	EndGlobalSection
	GlobalSection(SolutionProperties) = preSolution
		HideSolutionNode = FALSE
	EndGlobalSection
	GlobalSection(ExtensibilityGlobals) = postSolution
		SolutionGuid = {4CD2BD30-A808-4EDA-96F4-2D5138F400C1}
	EndGlobalSection
EndGlobal
